
Microsoft Visual Studio Solution File, Format Version 12.00
# Visual Studio Version 17
VisualStudioVersion = 17.14.36109.1 d17.14
MinimumVisualStudioVersion = 10.0.40219.1
Project("{FAE04EC0-301F-11D3-BF4B-00C04F79EFBC}") = "MathOperations", "MathOperations.csproj", "{E4012844-65FD-43C6-AE1E-9B4D6FBBE612}"
EndProject
Global
	GlobalSection(SolutionConfigurationPlatforms) = preSolution
		Debug|Any CPU = Debug|Any CPU
		Release|Any CPU = Release|Any CPU
	EndGlobalSection
	GlobalSection(ProjectConfigurationPlatforms) = postSolution
		{E4012844-65FD-43C6-AE1E-9B4D6FBBE612}.Debug|Any CPU.ActiveCfg = Debug|Any CPU
		{E4012844-65FD-43C6-AE1E-9B4D6FBBE612}.Debug|Any CPU.Build.0 = Debug|Any CPU
		{E4012844-65FD-43C6-AE1E-9B4D6FBBE612}.Release|Any CPU.ActiveCfg = Release|Any CPU
		{E4012844-65FD-43C6-AE1E-9B4D6FBBE612}.Release|Any CPU.Build.0 = Release|Any CPU
	EndGlobalSection
	GlobalSection(SolutionProperties) = preSolution
		HideSolutionNode = FALSE
	EndGlobalSection
	GlobalSection(ExtensibilityGlobals) = postSolution
		SolutionGuid = {A6FB2AC0-381A-4627-964B-649EA5BCD5CA}
	EndGlobalSection
EndGlobal
