
Microsoft Visual Studio Solution File, Format Version 12.00
# Visual Studio Version 17
VisualStudioVersion = 17.14.36109.1 d17.14
MinimumVisualStudioVersion = 10.0.40219.1
Project("{FAE04EC0-301F-11D3-BF4B-00C04F79EFBC}") = "ExceptionHandlingFour", "ExceptionHandlingFour.csproj", "{20647303-0087-48F6-BD77-99135ED672FA}"
EndProject
Global
	GlobalSection(SolutionConfigurationPlatforms) = preSolution
		Debug|Any CPU = Debug|Any CPU
		Release|Any CPU = Release|Any CPU
	EndGlobalSection
	GlobalSection(ProjectConfigurationPlatforms) = postSolution
		{20647303-0087-48F6-BD77-99135ED672FA}.Debug|Any CPU.ActiveCfg = Debug|Any CPU
		{20647303-0087-48F6-BD77-99135ED672FA}.Debug|Any CPU.Build.0 = Debug|Any CPU
		{20647303-0087-48F6-BD77-99135ED672FA}.Release|Any CPU.ActiveCfg = Release|Any CPU
		{20647303-0087-48F6-BD77-99135ED672FA}.Release|Any CPU.Build.0 = Release|Any CPU
	EndGlobalSection
	GlobalSection(SolutionProperties) = preSolution
		HideSolutionNode = FALSE
	EndGlobalSection
	GlobalSection(ExtensibilityGlobals) = postSolution
		SolutionGuid = {D5F6F83B-8C65-4AF4-B229-89AF7D9EB825}
	EndGlobalSection
EndGlobal
