
Microsoft Visual Studio Solution File, Format Version 12.00
# Visual Studio Version 17
VisualStudioVersion = 17.14.36109.1 d17.14
MinimumVisualStudioVersion = 10.0.40219.1
Project("{FAE04EC0-301F-11D3-BF4B-00C04F79EFBC}") = "SortElementsDescending", "SortElementsDescending.csproj", "{2B2A083D-F524-4494-89CD-3F077EF4ACA3}"
EndProject
Global
	GlobalSection(SolutionConfigurationPlatforms) = preSolution
		Debug|Any CPU = Debug|Any CPU
		Release|Any CPU = Release|Any CPU
	EndGlobalSection
	GlobalSection(ProjectConfigurationPlatforms) = postSolution
		{2B2A083D-F524-4494-89CD-3F077EF4ACA3}.Debug|Any CPU.ActiveCfg = Debug|Any CPU
		{2B2A083D-F524-4494-89CD-3F077EF4ACA3}.Debug|Any CPU.Build.0 = Debug|Any CPU
		{2B2A083D-F524-4494-89CD-3F077EF4ACA3}.Release|Any CPU.ActiveCfg = Release|Any CPU
		{2B2A083D-F524-4494-89CD-3F077EF4ACA3}.Release|Any CPU.Build.0 = Release|Any CPU
	EndGlobalSection
	GlobalSection(SolutionProperties) = preSolution
		HideSolutionNode = FALSE
	EndGlobalSection
	GlobalSection(ExtensibilityGlobals) = postSolution
		SolutionGuid = {A4CFF364-6B46-4168-8967-1502431A8F72}
	EndGlobalSection
EndGlobal
