
Microsoft Visual Studio Solution File, Format Version 12.00
# Visual Studio Version 17
VisualStudioVersion = 17.14.36109.1 d17.14
MinimumVisualStudioVersion = 10.0.40219.1
Project("{FAE04EC0-301F-11D3-BF4B-00C04F79EFBC}") = "ProductInventory", "ProductInventory.csproj", "{0256BF1D-8C77-4617-B111-191D379BFD74}"
EndProject
Global
	GlobalSection(SolutionConfigurationPlatforms) = preSolution
		Debug|Any CPU = Debug|Any CPU
		Release|Any CPU = Release|Any CPU
	EndGlobalSection
	GlobalSection(ProjectConfigurationPlatforms) = postSolution
		{0256BF1D-8C77-4617-B111-191D379BFD74}.Debug|Any CPU.ActiveCfg = Debug|Any CPU
		{0256BF1D-8C77-4617-B111-191D379BFD74}.Debug|Any CPU.Build.0 = Debug|Any CPU
		{0256BF1D-8C77-4617-B111-191D379BFD74}.Release|Any CPU.ActiveCfg = Release|Any CPU
		{0256BF1D-8C77-4617-B111-191D379BFD74}.Release|Any CPU.Build.0 = Release|Any CPU
	EndGlobalSection
	GlobalSection(SolutionProperties) = preSolution
		HideSolutionNode = FALSE
	EndGlobalSection
	GlobalSection(ExtensibilityGlobals) = postSolution
		SolutionGuid = {28E499F0-70CE-4740-BD76-53117C82F808}
	EndGlobalSection
EndGlobal
