
Microsoft Visual Studio Solution File, Format Version 12.00
# Visual Studio Version 17
VisualStudioVersion = 17.14.36109.1 d17.14
MinimumVisualStudioVersion = 10.0.40219.1
Project("{FAE04EC0-301F-11D3-BF4B-00C04F79EFBC}") = "ElementDeletion", "ElementDeletion.csproj", "{80490F21-8F0F-4C04-B736-C8BDE2C31D0A}"
EndProject
Global
	GlobalSection(SolutionConfigurationPlatforms) = preSolution
		Debug|Any CPU = Debug|Any CPU
		Release|Any CPU = Release|Any CPU
	EndGlobalSection
	GlobalSection(ProjectConfigurationPlatforms) = postSolution
		{80490F21-8F0F-4C04-B736-C8BDE2C31D0A}.Debug|Any CPU.ActiveCfg = Debug|Any CPU
		{80490F21-8F0F-4C04-B736-C8BDE2C31D0A}.Debug|Any CPU.Build.0 = Debug|Any CPU
		{80490F21-8F0F-4C04-B736-C8BDE2C31D0A}.Release|Any CPU.ActiveCfg = Release|Any CPU
		{80490F21-8F0F-4C04-B736-C8BDE2C31D0A}.Release|Any CPU.Build.0 = Release|Any CPU
	EndGlobalSection
	GlobalSection(SolutionProperties) = preSolution
		HideSolutionNode = FALSE
	EndGlobalSection
	GlobalSection(ExtensibilityGlobals) = postSolution
		SolutionGuid = {1B6ECA12-69DA-4BC2-82E9-4756751184C8}
	EndGlobalSection
EndGlobal
