
Microsoft Visual Studio Solution File, Format Version 12.00
# Visual Studio Version 17
VisualStudioVersion = 17.14.36109.1 d17.14
MinimumVisualStudioVersion = 10.0.40219.1
Project("{FAE04EC0-301F-11D3-BF4B-00C04F79EFBC}") = "MatrixMultiplication", "MatrixMultiplication.csproj", "{9C98BA74-5040-404B-A488-3F4CB063995B}"
EndProject
Global
	GlobalSection(SolutionConfigurationPlatforms) = preSolution
		Debug|Any CPU = Debug|Any CPU
		Release|Any CPU = Release|Any CPU
	EndGlobalSection
	GlobalSection(ProjectConfigurationPlatforms) = postSolution
		{9C98BA74-5040-404B-A488-3F4CB063995B}.Debug|Any CPU.ActiveCfg = Debug|Any CPU
		{9C98BA74-5040-404B-A488-3F4CB063995B}.Debug|Any CPU.Build.0 = Debug|Any CPU
		{9C98BA74-5040-404B-A488-3F4CB063995B}.Release|Any CPU.ActiveCfg = Release|Any CPU
		{9C98BA74-5040-404B-A488-3F4CB063995B}.Release|Any CPU.Build.0 = Release|Any CPU
	EndGlobalSection
	GlobalSection(SolutionProperties) = preSolution
		HideSolutionNode = FALSE
	EndGlobalSection
	GlobalSection(ExtensibilityGlobals) = postSolution
		SolutionGuid = {228161F4-4D79-42B7-80B8-4FBB11C058F5}
	EndGlobalSection
EndGlobal
