
Microsoft Visual Studio Solution File, Format Version 12.00
# Visual Studio Version 17
VisualStudioVersion = 17.14.36109.1 d17.14
MinimumVisualStudioVersion = 10.0.40219.1
Project("{FAE04EC0-301F-11D3-BF4B-00C04F79EFBC}") = "PatternPrinting", "PatternPrinting.csproj", "{B43B7B60-AA3F-4C72-92D4-97B8ED9E1C0F}"
EndProject
Global
	GlobalSection(SolutionConfigurationPlatforms) = preSolution
		Debug|Any CPU = Debug|Any CPU
		Release|Any CPU = Release|Any CPU
	EndGlobalSection
	GlobalSection(ProjectConfigurationPlatforms) = postSolution
		{B43B7B60-AA3F-4C72-92D4-97B8ED9E1C0F}.Debug|Any CPU.ActiveCfg = Debug|Any CPU
		{B43B7B60-AA3F-4C72-92D4-97B8ED9E1C0F}.Debug|Any CPU.Build.0 = Debug|Any CPU
		{B43B7B60-AA3F-4C72-92D4-97B8ED9E1C0F}.Release|Any CPU.ActiveCfg = Release|Any CPU
		{B43B7B60-AA3F-4C72-92D4-97B8ED9E1C0F}.Release|Any CPU.Build.0 = Release|Any CPU
	EndGlobalSection
	GlobalSection(SolutionProperties) = preSolution
		HideSolutionNode = FALSE
	EndGlobalSection
	GlobalSection(ExtensibilityGlobals) = postSolution
		SolutionGuid = {3F8185BF-73D5-4C54-A3CD-855405571213}
	EndGlobalSection
EndGlobal
