
Microsoft Visual Studio Solution File, Format Version 12.00
# Visual Studio Version 17
VisualStudioVersion = 17.14.36109.1 d17.14
MinimumVisualStudioVersion = 10.0.40219.1
Project("{FAE04EC0-301F-11D3-BF4B-00C04F79EFBC}") = "AreaOfRectangle", "AreaOfRectangle.csproj", "{ACA1B9AE-FFD8-4CDA-9217-ABC9EE9B8797}"
EndProject
Global
	GlobalSection(SolutionConfigurationPlatforms) = preSolution
		Debug|Any CPU = Debug|Any CPU
		Release|Any CPU = Release|Any CPU
	EndGlobalSection
	GlobalSection(ProjectConfigurationPlatforms) = postSolution
		{ACA1B9AE-FFD8-4CDA-9217-ABC9EE9B8797}.Debug|Any CPU.ActiveCfg = Debug|Any CPU
		{ACA1B9AE-FFD8-4CDA-9217-ABC9EE9B8797}.Debug|Any CPU.Build.0 = Debug|Any CPU
		{ACA1B9AE-FFD8-4CDA-9217-ABC9EE9B8797}.Release|Any CPU.ActiveCfg = Release|Any CPU
		{ACA1B9AE-FFD8-4CDA-9217-ABC9EE9B8797}.Release|Any CPU.Build.0 = Release|Any CPU
	EndGlobalSection
	GlobalSection(SolutionProperties) = preSolution
		HideSolutionNode = FALSE
	EndGlobalSection
	GlobalSection(ExtensibilityGlobals) = postSolution
		SolutionGuid = {1441BE79-7DF2-4BC9-B273-2305FBC1EE75}
	EndGlobalSection
EndGlobal
